
Microsoft Visual Studio Solution File, Format Version 12.00
# Visual Studio 15
VisualStudioVersion = 15.0.35213.121
MinimumVisualStudioVersion = 10.0.40219.1
Project("{FAE04EC0-301F-11D3-BF4B-00C04F79EFBC}") = "SystemInFor", "SystemInFor\SystemInFor.csproj", "{7E109053-4F85-473B-9889-B4A713588D8B}"
EndProject
Global
	GlobalSection(SolutionConfigurationPlatforms) = preSolution
		Debug|Any CPU = Debug|Any CPU
		Release|Any CPU = Release|Any CPU
	EndGlobalSection
	GlobalSection(ProjectConfigurationPlatforms) = postSolution
		{7E109053-4F85-473B-9889-B4A713588D8B}.Debug|Any CPU.ActiveCfg = Debug|Any CPU
		{7E109053-4F85-473B-9889-B4A713588D8B}.Debug|Any CPU.Build.0 = Debug|Any CPU
		{7E109053-4F85-473B-9889-B4A713588D8B}.Release|Any CPU.ActiveCfg = Release|Any CPU
		{7E109053-4F85-473B-9889-B4A713588D8B}.Release|Any CPU.Build.0 = Release|Any CPU
	EndGlobalSection
	GlobalSection(SolutionProperties) = preSolution
		HideSolutionNode = FALSE
	EndGlobalSection
	GlobalSection(ExtensibilityGlobals) = postSolution
		SolutionGuid = {3C95C227-836F-4E13-83DE-8A54A53587B1}
	EndGlobalSection
EndGlobal
